
Microsoft Visual Studio Solution File, Format Version 12.00
# Visual Studio Version 16
VisualStudioVersion = 16.0.808.0
MinimumVisualStudioVersion = 10.0.40219.1
Project("{FAE04EC0-301F-11D3-BF4B-00C04F79EFBC}") = "RestaurantAPI", "RestaurantAPI.csproj", "{E677A8E3-DF98-40F0-A512-15462F361463}"
EndProject
Global
	GlobalSection(SolutionConfigurationPlatforms) = preSolution
		Debug|Any CPU = Debug|Any CPU
		Release|Any CPU = Release|Any CPU
	EndGlobalSection
	GlobalSection(ProjectConfigurationPlatforms) = postSolution
		{E677A8E3-DF98-40F0-A512-15462F361463}.Debug|Any CPU.ActiveCfg = Debug|Any CPU
		{E677A8E3-DF98-40F0-A512-15462F361463}.Debug|Any CPU.Build.0 = Debug|Any CPU
		{E677A8E3-DF98-40F0-A512-15462F361463}.Release|Any CPU.ActiveCfg = Release|Any CPU
		{E677A8E3-DF98-40F0-A512-15462F361463}.Release|Any CPU.Build.0 = Release|Any CPU
	EndGlobalSection
	GlobalSection(SolutionProperties) = preSolution
		HideSolutionNode = FALSE
	EndGlobalSection
	GlobalSection(ExtensibilityGlobals) = postSolution
		SolutionGuid = {8EE0E857-2D8F-4DE9-8648-4CF0D60377FA}
	EndGlobalSection
EndGlobal
